
Microsoft Visual Studio Solution File, Format Version 11.00
# Visual Studio 2010
Project("{FAE04EC0-301F-11D3-BF4B-00C04F79EFBC}") = "TestTest", "TestTest\TestTest.csproj", "{C429F6C7-FBD8-46C2-BF0A-D39788A7468B}"
EndProject
Project("{FAE04EC0-301F-11D3-BF4B-00C04F79EFBC}") = "TestTestTest", "TestTestTest\TestTestTest.csproj", "{CDABC9A0-00D5-4E12-9342-023AB3481566}"
EndProject
Project("{2150E333-8FDC-42A3-9474-1A3956D46DE8}") = "Solution Items", "Solution Items", "{1CE78FD0-F869-44E2-8F6F-68848DDE3D15}"
	ProjectSection(SolutionItems) = preProject
		Local.testsettings = Local.testsettings
		TestTest.vsmdi = TestTest.vsmdi
		TraceAndTestImpact.testsettings = TraceAndTestImpact.testsettings
	EndProjectSection
EndProject
Global
	GlobalSection(TestCaseManagementSettings) = postSolution
		CategoryFile = TestTest.vsmdi
	EndGlobalSection
	GlobalSection(SolutionConfigurationPlatforms) = preSolution
		Debug|Any CPU = Debug|Any CPU
		Debug|Mixed Platforms = Debug|Mixed Platforms
		Debug|x86 = Debug|x86
		Release|Any CPU = Release|Any CPU
		Release|Mixed Platforms = Release|Mixed Platforms
		Release|x86 = Release|x86
	EndGlobalSection
	GlobalSection(ProjectConfigurationPlatforms) = postSolution
		{C429F6C7-FBD8-46C2-BF0A-D39788A7468B}.Debug|Any CPU.ActiveCfg = Debug|x86
		{C429F6C7-FBD8-46C2-BF0A-D39788A7468B}.Debug|Mixed Platforms.ActiveCfg = Debug|x86
		{C429F6C7-FBD8-46C2-BF0A-D39788A7468B}.Debug|Mixed Platforms.Build.0 = Debug|x86
		{C429F6C7-FBD8-46C2-BF0A-D39788A7468B}.Debug|x86.ActiveCfg = Debug|x86
		{C429F6C7-FBD8-46C2-BF0A-D39788A7468B}.Debug|x86.Build.0 = Debug|x86
		{C429F6C7-FBD8-46C2-BF0A-D39788A7468B}.Release|Any CPU.ActiveCfg = Release|x86
		{C429F6C7-FBD8-46C2-BF0A-D39788A7468B}.Release|Mixed Platforms.ActiveCfg = Release|x86
		{C429F6C7-FBD8-46C2-BF0A-D39788A7468B}.Release|Mixed Platforms.Build.0 = Release|x86
		{C429F6C7-FBD8-46C2-BF0A-D39788A7468B}.Release|x86.ActiveCfg = Release|x86
		{C429F6C7-FBD8-46C2-BF0A-D39788A7468B}.Release|x86.Build.0 = Release|x86
		{CDABC9A0-00D5-4E12-9342-023AB3481566}.Debug|Any CPU.ActiveCfg = Debug|Any CPU
		{CDABC9A0-00D5-4E12-9342-023AB3481566}.Debug|Any CPU.Build.0 = Debug|Any CPU
		{CDABC9A0-00D5-4E12-9342-023AB3481566}.Debug|Mixed Platforms.ActiveCfg = Debug|Any CPU
		{CDABC9A0-00D5-4E12-9342-023AB3481566}.Debug|Mixed Platforms.Build.0 = Debug|Any CPU
		{CDABC9A0-00D5-4E12-9342-023AB3481566}.Debug|x86.ActiveCfg = Debug|Any CPU
		{CDABC9A0-00D5-4E12-9342-023AB3481566}.Release|Any CPU.ActiveCfg = Release|Any CPU
		{CDABC9A0-00D5-4E12-9342-023AB3481566}.Release|Any CPU.Build.0 = Release|Any CPU
		{CDABC9A0-00D5-4E12-9342-023AB3481566}.Release|Mixed Platforms.ActiveCfg = Release|Any CPU
		{CDABC9A0-00D5-4E12-9342-023AB3481566}.Release|Mixed Platforms.Build.0 = Release|Any CPU
		{CDABC9A0-00D5-4E12-9342-023AB3481566}.Release|x86.ActiveCfg = Release|Any CPU
	EndGlobalSection
	GlobalSection(SolutionProperties) = preSolution
		HideSolutionNode = FALSE
	EndGlobalSection
EndGlobal
