
Microsoft Visual Studio Solution File, Format Version 11.00
# Visual Studio 2010
Project("{FAE04EC0-301F-11D3-BF4B-00C04F79EFBC}") = "EtherDuels", "EtherDuels\EtherDuels\EtherDuels.csproj", "{E791DC65-861D-4434-A3A6-3F0FC4046887}"
EndProject
Project("{96E2B04D-8817-42C6-938A-82C39BA4D311}") = "EtherDuelsContent", "EtherDuels\EtherDuelsContent\EtherDuelsContent.contentproj", "{F70F3FC3-2D48-42A3-9D07-A168522D9913}"
EndProject
Project("{F088123C-0E9E-452A-89E6-6BA2F21D5CAC}") = "EtherDuels_ModelingProject", "EtherDuels_ModelingProject\EtherDuels_ModelingProject.modelproj", "{D9BE67B0-C42E-45BB-A799-1DBBB859279B}"
EndProject
Global
	GlobalSection(SolutionConfigurationPlatforms) = preSolution
		Debug|Any CPU = Debug|Any CPU
		Debug|Mixed Platforms = Debug|Mixed Platforms
		Debug|x86 = Debug|x86
		Release|Any CPU = Release|Any CPU
		Release|Mixed Platforms = Release|Mixed Platforms
		Release|x86 = Release|x86
	EndGlobalSection
	GlobalSection(ProjectConfigurationPlatforms) = postSolution
		{E791DC65-861D-4434-A3A6-3F0FC4046887}.Debug|Any CPU.ActiveCfg = Debug|x86
		{E791DC65-861D-4434-A3A6-3F0FC4046887}.Debug|Mixed Platforms.ActiveCfg = Debug|x86
		{E791DC65-861D-4434-A3A6-3F0FC4046887}.Debug|Mixed Platforms.Build.0 = Debug|x86
		{E791DC65-861D-4434-A3A6-3F0FC4046887}.Debug|x86.ActiveCfg = Debug|x86
		{E791DC65-861D-4434-A3A6-3F0FC4046887}.Debug|x86.Build.0 = Debug|x86
		{E791DC65-861D-4434-A3A6-3F0FC4046887}.Release|Any CPU.ActiveCfg = Release|x86
		{E791DC65-861D-4434-A3A6-3F0FC4046887}.Release|Mixed Platforms.ActiveCfg = Release|x86
		{E791DC65-861D-4434-A3A6-3F0FC4046887}.Release|Mixed Platforms.Build.0 = Release|x86
		{E791DC65-861D-4434-A3A6-3F0FC4046887}.Release|x86.ActiveCfg = Release|x86
		{E791DC65-861D-4434-A3A6-3F0FC4046887}.Release|x86.Build.0 = Release|x86
		{F70F3FC3-2D48-42A3-9D07-A168522D9913}.Debug|Any CPU.ActiveCfg = Debug|x86
		{F70F3FC3-2D48-42A3-9D07-A168522D9913}.Debug|Mixed Platforms.ActiveCfg = Debug|x86
		{F70F3FC3-2D48-42A3-9D07-A168522D9913}.Debug|x86.ActiveCfg = Debug|x86
		{F70F3FC3-2D48-42A3-9D07-A168522D9913}.Release|Any CPU.ActiveCfg = Release|x86
		{F70F3FC3-2D48-42A3-9D07-A168522D9913}.Release|Mixed Platforms.ActiveCfg = Release|x86
		{F70F3FC3-2D48-42A3-9D07-A168522D9913}.Release|x86.ActiveCfg = Release|x86
		{D9BE67B0-C42E-45BB-A799-1DBBB859279B}.Debug|Any CPU.ActiveCfg = Debug|Any CPU
		{D9BE67B0-C42E-45BB-A799-1DBBB859279B}.Debug|Any CPU.Build.0 = Debug|Any CPU
		{D9BE67B0-C42E-45BB-A799-1DBBB859279B}.Debug|Mixed Platforms.ActiveCfg = Debug|Any CPU
		{D9BE67B0-C42E-45BB-A799-1DBBB859279B}.Debug|Mixed Platforms.Build.0 = Debug|Any CPU
		{D9BE67B0-C42E-45BB-A799-1DBBB859279B}.Debug|x86.ActiveCfg = Debug|Any CPU
		{D9BE67B0-C42E-45BB-A799-1DBBB859279B}.Release|Any CPU.ActiveCfg = Release|Any CPU
		{D9BE67B0-C42E-45BB-A799-1DBBB859279B}.Release|Any CPU.Build.0 = Release|Any CPU
		{D9BE67B0-C42E-45BB-A799-1DBBB859279B}.Release|Mixed Platforms.ActiveCfg = Release|Any CPU
		{D9BE67B0-C42E-45BB-A799-1DBBB859279B}.Release|Mixed Platforms.Build.0 = Release|Any CPU
		{D9BE67B0-C42E-45BB-A799-1DBBB859279B}.Release|x86.ActiveCfg = Release|Any CPU
	EndGlobalSection
	GlobalSection(SolutionProperties) = preSolution
		HideSolutionNode = FALSE
	EndGlobalSection
EndGlobal
