
Microsoft Visual Studio Solution File, Format Version 11.00
# Visual Studio 2010
Project("{FAE04EC0-301F-11D3-BF4B-00C04F79EFBC}") = "EtherDuels", "EtherDuels\EtherDuels\EtherDuels.csproj", "{B0ED64AD-3D6A-4C81-A109-1982C91E2346}"
EndProject
Project("{FAE04EC0-301F-11D3-BF4B-00C04F79EFBC}") = "EtherDuelsContent", "EtherDuels\EtherDuelsContent\EtherDuelsContent.contentproj", "{06DEFFC6-3242-42A7-B5E6-C12C85B14A3F}"
EndProject
Project("{FAE04EC0-301F-11D3-BF4B-00C04F79EFBC}") = "GameTest", "GameTest\GameTest.csproj", "{0A39CCC3-D3E0-4D1D-8E46-81F4DAB92487}"
EndProject
Project("{2150E333-8FDC-42A3-9474-1A3956D46DE8}") = "Solution Items", "Solution Items", "{C82DB1C3-D0EA-4E0F-A5E2-35CFF82DC4B8}"
	ProjectSection(SolutionItems) = preProject
		EtherDuels.vsmdi = EtherDuels.vsmdi
		Local.testsettings = Local.testsettings
		TraceAndTestImpact.testsettings = TraceAndTestImpact.testsettings
	EndProjectSection
EndProject
Global
	GlobalSection(TestCaseManagementSettings) = postSolution
		CategoryFile = EtherDuels.vsmdi
	EndGlobalSection
	GlobalSection(SolutionConfigurationPlatforms) = preSolution
		Debug|Any CPU = Debug|Any CPU
		Debug|Mixed Platforms = Debug|Mixed Platforms
		Debug|x86 = Debug|x86
		Release|Any CPU = Release|Any CPU
		Release|Mixed Platforms = Release|Mixed Platforms
		Release|x86 = Release|x86
	EndGlobalSection
	GlobalSection(ProjectConfigurationPlatforms) = postSolution
		{B0ED64AD-3D6A-4C81-A109-1982C91E2346}.Debug|Any CPU.ActiveCfg = Debug|x86
		{B0ED64AD-3D6A-4C81-A109-1982C91E2346}.Debug|Mixed Platforms.ActiveCfg = Debug|x86
		{B0ED64AD-3D6A-4C81-A109-1982C91E2346}.Debug|Mixed Platforms.Build.0 = Debug|x86
		{B0ED64AD-3D6A-4C81-A109-1982C91E2346}.Debug|x86.ActiveCfg = Debug|x86
		{B0ED64AD-3D6A-4C81-A109-1982C91E2346}.Debug|x86.Build.0 = Debug|x86
		{B0ED64AD-3D6A-4C81-A109-1982C91E2346}.Release|Any CPU.ActiveCfg = Release|x86
		{B0ED64AD-3D6A-4C81-A109-1982C91E2346}.Release|Mixed Platforms.ActiveCfg = Release|x86
		{B0ED64AD-3D6A-4C81-A109-1982C91E2346}.Release|Mixed Platforms.Build.0 = Release|x86
		{B0ED64AD-3D6A-4C81-A109-1982C91E2346}.Release|x86.ActiveCfg = Release|x86
		{B0ED64AD-3D6A-4C81-A109-1982C91E2346}.Release|x86.Build.0 = Release|x86
		{06DEFFC6-3242-42A7-B5E6-C12C85B14A3F}.Debug|Any CPU.ActiveCfg = Debug|x86
		{06DEFFC6-3242-42A7-B5E6-C12C85B14A3F}.Debug|Mixed Platforms.ActiveCfg = Debug|x86
		{06DEFFC6-3242-42A7-B5E6-C12C85B14A3F}.Debug|x86.ActiveCfg = Debug|x86
		{06DEFFC6-3242-42A7-B5E6-C12C85B14A3F}.Release|Any CPU.ActiveCfg = Release|x86
		{06DEFFC6-3242-42A7-B5E6-C12C85B14A3F}.Release|Mixed Platforms.ActiveCfg = Release|x86
		{06DEFFC6-3242-42A7-B5E6-C12C85B14A3F}.Release|x86.ActiveCfg = Release|x86
		{0A39CCC3-D3E0-4D1D-8E46-81F4DAB92487}.Debug|Any CPU.ActiveCfg = Debug|Any CPU
		{0A39CCC3-D3E0-4D1D-8E46-81F4DAB92487}.Debug|Any CPU.Build.0 = Debug|Any CPU
		{0A39CCC3-D3E0-4D1D-8E46-81F4DAB92487}.Debug|Mixed Platforms.ActiveCfg = Debug|Any CPU
		{0A39CCC3-D3E0-4D1D-8E46-81F4DAB92487}.Debug|Mixed Platforms.Build.0 = Debug|Any CPU
		{0A39CCC3-D3E0-4D1D-8E46-81F4DAB92487}.Debug|x86.ActiveCfg = Debug|Any CPU
		{0A39CCC3-D3E0-4D1D-8E46-81F4DAB92487}.Release|Any CPU.ActiveCfg = Release|Any CPU
		{0A39CCC3-D3E0-4D1D-8E46-81F4DAB92487}.Release|Any CPU.Build.0 = Release|Any CPU
		{0A39CCC3-D3E0-4D1D-8E46-81F4DAB92487}.Release|Mixed Platforms.ActiveCfg = Release|Any CPU
		{0A39CCC3-D3E0-4D1D-8E46-81F4DAB92487}.Release|Mixed Platforms.Build.0 = Release|Any CPU
		{0A39CCC3-D3E0-4D1D-8E46-81F4DAB92487}.Release|x86.ActiveCfg = Release|Any CPU
	EndGlobalSection
	GlobalSection(SolutionProperties) = preSolution
		HideSolutionNode = FALSE
	EndGlobalSection
EndGlobal
